github.com/pentops/log.go v0.0.0-20230815045424-6ebbd9ef2576 h1:A/vY7Qiv1S/1mUtacZQVoXicaYiiaSR7PInSUcaMOpA=
github.com/pentops/log.go v0.0.0-20230815045424-6ebbd9ef2576/go.mod h1:UXhrs+VZ6cWZ7b/v8AtuvBZc5nwS5WFHP94JoFrZQA8=
golang.org/x/exp v0.0.0-20230711153332-06a737ee72cb h1:xIApU0ow1zwMa2uL1VDNeQlNVFTWMQxZUZCMDy0Q4Us=
golang.org/x/exp v0.0.0-20230711153332-06a737ee72cb/go.mod h1:FXUEEKJgO7OQYeo8N01OfiKP8RXMtf6e8aTskBGqWdc=
